
Microsoft Visual Studio Solution File, Format Version 12.00
# Visual Studio Version 17
VisualStudioVersion = 17.14.36221.1 d17.14
MinimumVisualStudioVersion = 10.0.40219.1
Project("{888888A0-9F3D-457C-B088-3A5042F75D52}") = "ArcticExpeditionPlanner", "ArcticExpeditionPlanner.pyproj", "{CC8F963B-9CC4-489F-9CE1-CF90FC193F40}"
EndProject
Global
	GlobalSection(SolutionConfigurationPlatforms) = preSolution
		Debug|Any CPU = Debug|Any CPU
		Release|Any CPU = Release|Any CPU
	EndGlobalSection
	GlobalSection(ProjectConfigurationPlatforms) = postSolution
		{CC8F963B-9CC4-489F-9CE1-CF90FC193F40}.Debug|Any CPU.ActiveCfg = Debug|Any CPU
		{CC8F963B-9CC4-489F-9CE1-CF90FC193F40}.Release|Any CPU.ActiveCfg = Release|Any CPU
	EndGlobalSection
	GlobalSection(SolutionProperties) = preSolution
		HideSolutionNode = FALSE
	EndGlobalSection
	GlobalSection(ExtensibilityGlobals) = postSolution
		SolutionGuid = {C3D498E0-B04D-40E2-9E8E-E9172107D8CA}
	EndGlobalSection
EndGlobal
